
Microsoft Visual Studio Solution File, Format Version 12.00
# Visual Studio Version 16
VisualStudioVersion = 16.0.31402.337
MinimumVisualStudioVersion = 10.0.40219.1
Project("{9A19103F-16F7-4668-BE54-9A1E7A4F7556}") = "PersonLib", "PersonLib\PersonLib.csproj", "{26CDB93E-5AE9-446B-B26D-6E967C93898D}"
EndProject
Project("{FAE04EC0-301F-11D3-BF4B-00C04F79EFBC}") = "PersonLibTest", "PersonLibTest\PersonLibTest.csproj", "{551C5292-383E-4D71-9F48-B782200E285C}"
EndProject
Global
	GlobalSection(SolutionConfigurationPlatforms) = preSolution
		Debug|Any CPU = Debug|Any CPU
		Release|Any CPU = Release|Any CPU
	EndGlobalSection
	GlobalSection(ProjectConfigurationPlatforms) = postSolution
		{26CDB93E-5AE9-446B-B26D-6E967C93898D}.Debug|Any CPU.ActiveCfg = Debug|Any CPU
		{26CDB93E-5AE9-446B-B26D-6E967C93898D}.Debug|Any CPU.Build.0 = Debug|Any CPU
		{26CDB93E-5AE9-446B-B26D-6E967C93898D}.Release|Any CPU.ActiveCfg = Release|Any CPU
		{26CDB93E-5AE9-446B-B26D-6E967C93898D}.Release|Any CPU.Build.0 = Release|Any CPU
		{551C5292-383E-4D71-9F48-B782200E285C}.Debug|Any CPU.ActiveCfg = Debug|Any CPU
		{551C5292-383E-4D71-9F48-B782200E285C}.Debug|Any CPU.Build.0 = Debug|Any CPU
		{551C5292-383E-4D71-9F48-B782200E285C}.Release|Any CPU.ActiveCfg = Release|Any CPU
		{551C5292-383E-4D71-9F48-B782200E285C}.Release|Any CPU.Build.0 = Release|Any CPU
	EndGlobalSection
	GlobalSection(SolutionProperties) = preSolution
		HideSolutionNode = FALSE
	EndGlobalSection
	GlobalSection(ExtensibilityGlobals) = postSolution
		SolutionGuid = {073A6C80-B26F-45C3-8055-FEA4D0F687EC}
	EndGlobalSection
EndGlobal
